Microsoft Visual Studio Solution File, Format Version 11.00
# Visual Studio 2008

Project("{84222905-4490-61B7-6A43-7CF5A79D16C6}") = "FlipDiving", "Assembly-CSharp-firstpass.csproj", "{81CC4D89-D02F-98DB-4DFA-1D78A2EF5BCF}"
EndProject
Project("{84222905-4490-61B7-6A43-7CF5A79D16C6}") = "FlipDiving", "Assembly-CSharp.csproj", "{196E67F4-0C96-BCF4-61AD-6E3DD5F95ED4}"
EndProject
Project("{84222905-4490-61B7-6A43-7CF5A79D16C6}") = "FlipDiving", "Assembly-CSharp-Editor.csproj", "{BCFD9E72-C5CB-0BB5-2DFE-A7C829018523}"
EndProject
Global
	GlobalSection(SolutionConfigurationPlatforms) = preSolution
		Debug|Any CPU = Debug|Any CPU
		Release|Any CPU = Release|Any CPU
	EndGlobalSection
	GlobalSection(ProjectConfigurationPlatforms) = postSolution
		{81CC4D89-D02F-98DB-4DFA-1D78A2EF5BCF}.Debug|Any CPU.ActiveCfg = Debug|Any CPU
		{81CC4D89-D02F-98DB-4DFA-1D78A2EF5BCF}.Debug|Any CPU.Build.0 = Debug|Any CPU
		{81CC4D89-D02F-98DB-4DFA-1D78A2EF5BCF}.Release|Any CPU.ActiveCfg = Release|Any CPU
		{81CC4D89-D02F-98DB-4DFA-1D78A2EF5BCF}.Release|Any CPU.Build.0 = Release|Any CPU
		{196E67F4-0C96-BCF4-61AD-6E3DD5F95ED4}.Debug|Any CPU.ActiveCfg = Debug|Any CPU
		{196E67F4-0C96-BCF4-61AD-6E3DD5F95ED4}.Debug|Any CPU.Build.0 = Debug|Any CPU
		{196E67F4-0C96-BCF4-61AD-6E3DD5F95ED4}.Release|Any CPU.ActiveCfg = Release|Any CPU
		{196E67F4-0C96-BCF4-61AD-6E3DD5F95ED4}.Release|Any CPU.Build.0 = Release|Any CPU
		{BCFD9E72-C5CB-0BB5-2DFE-A7C829018523}.Debug|Any CPU.ActiveCfg = Debug|Any CPU
		{BCFD9E72-C5CB-0BB5-2DFE-A7C829018523}.Debug|Any CPU.Build.0 = Debug|Any CPU
		{BCFD9E72-C5CB-0BB5-2DFE-A7C829018523}.Release|Any CPU.ActiveCfg = Release|Any CPU
		{BCFD9E72-C5CB-0BB5-2DFE-A7C829018523}.Release|Any CPU.Build.0 = Release|Any CPU
	EndGlobalSection
	GlobalSection(SolutionProperties) = preSolution
		HideSolutionNode = FALSE
	EndGlobalSection
	GlobalSection(MonoDevelopProperties) = preSolution
		StartupItem = Assembly-CSharp.csproj
	EndGlobalSection
EndGlobal
