
Microsoft Visual Studio Solution File, Format Version 12.00
# Visual Studio 2015
Project("{FAE04EC0-301F-11D3-BF4B-00C04F79EFBC}") = "FlipDiving.CSharp.Plugins", "FlipDiving.CSharp.Plugins.csproj", "{5F7F2870-78E2-24DD-A308-364CCBEF805D}"
EndProject
Project("{FAE04EC0-301F-11D3-BF4B-00C04F79EFBC}") = "FlipDiving.CSharp", "FlipDiving.CSharp.csproj", "{DECE5B20-A393-EB16-B879-01B95B622031}"
EndProject
Project("{FAE04EC0-301F-11D3-BF4B-00C04F79EFBC}") = "FlipDiving.CSharp.Editor", "FlipDiving.CSharp.Editor.csproj", "{FAF75618-142C-48A4-0D83-6F1AECE81381}"
EndProject
Global
	GlobalSection(SolutionConfigurationPlatforms) = preSolution
		Debug|Any CPU = Debug|Any CPU
		Release|Any CPU = Release|Any CPU
	EndGlobalSection
	GlobalSection(ProjectConfigurationPlatforms) = postSolution
		{5F7F2870-78E2-24DD-A308-364CCBEF805D}.Debug|Any CPU.ActiveCfg = Debug|Any CPU
		{5F7F2870-78E2-24DD-A308-364CCBEF805D}.Debug|Any CPU.Build.0 = Debug|Any CPU
		{5F7F2870-78E2-24DD-A308-364CCBEF805D}.Release|Any CPU.ActiveCfg = Release|Any CPU
		{5F7F2870-78E2-24DD-A308-364CCBEF805D}.Release|Any CPU.Build.0 = Release|Any CPU
		{DECE5B20-A393-EB16-B879-01B95B622031}.Debug|Any CPU.ActiveCfg = Debug|Any CPU
		{DECE5B20-A393-EB16-B879-01B95B622031}.Debug|Any CPU.Build.0 = Debug|Any CPU
		{DECE5B20-A393-EB16-B879-01B95B622031}.Release|Any CPU.ActiveCfg = Release|Any CPU
		{DECE5B20-A393-EB16-B879-01B95B622031}.Release|Any CPU.Build.0 = Release|Any CPU
		{FAF75618-142C-48A4-0D83-6F1AECE81381}.Debug|Any CPU.ActiveCfg = Debug|Any CPU
		{FAF75618-142C-48A4-0D83-6F1AECE81381}.Debug|Any CPU.Build.0 = Debug|Any CPU
		{FAF75618-142C-48A4-0D83-6F1AECE81381}.Release|Any CPU.ActiveCfg = Release|Any CPU
		{FAF75618-142C-48A4-0D83-6F1AECE81381}.Release|Any CPU.Build.0 = Release|Any CPU
	EndGlobalSection
	GlobalSection(SolutionProperties) = preSolution
		HideSolutionNode = FALSE
	EndGlobalSection
EndGlobal
